{
  "R": {
    "Version": "4.5.1",
    "Repositories": [
      {
        "Name": "CRAN",
        "URL": "https://cloud.r-project.org"
      }
    ]
  },
  "Packages": {
    "BART": {
      "Package": "BART",
      "Version": "2.9.9",
      "Source": "Repository",
      "Type": "Package",
      "Title": "Bayesian Additive Regression Trees",
      "Date": "2024-06-21",
      "Authors@R": "c(person('Robert', 'McCulloch', role='aut'), person('Rodney', 'Sparapani', role=c('aut', 'cre'),  email='rsparapa@mcw.edu'), person('Robert', 'Gramacy', role='ctb'), person('Matthew', 'Pratola', role='ctb'), person('Charles', 'Spanbauer', role='ctb'), person('Martyn', 'Plummer', role='ctb'),  person('Nicky', 'Best', role='ctb'), person('Kate', 'Cowles', role='ctb'),  person('Karen', 'Vines', role='ctb'))",
      "Author": "Robert McCulloch [aut], Rodney Sparapani [aut, cre], Robert Gramacy [ctb], Matthew Pratola [ctb], Charles Spanbauer [ctb], Martyn Plummer [ctb], Nicky Best [ctb], Kate Cowles [ctb], Karen Vines [ctb]",
      "Maintainer": "Rodney Sparapani <rsparapa@mcw.edu>",
      "Description": "Bayesian Additive Regression Trees (BART) provide flexible nonparametric modeling of covariates for continuous, binary, categorical and time-to-event outcomes.  For more information see Sparapani, Spanbauer and McCulloch <doi:10.18637/jss.v097.i01>.",
      "License": "GPL (>= 2)",
      "Depends": [
        "R (>= 3.6)",
        "nlme",
        "survival"
      ],
      "Imports": [
        "Rcpp (>= 0.12.3)",
        "parallel",
        "tools"
      ],
      "LinkingTo": [
        "Rcpp"
      ],
      "Suggests": [
        "MASS",
        "knitr",
        "rmarkdown"
      ],
      "VignetteBuilder": "knitr",
      "NeedsCompilation": "yes",
      "Repository": "https://packagemanager.posit.co/cran/latest",
      "Encoding": "UTF-8"
    },
    "BART3": {
      "Package": "BART3",
      "Version": "5.6",
      "Source": "GitHub",
      "Type": "Package",
      "Title": "Bayesian Additive Regression Trees",
      "Date": "2025-03-14",
      "Authors@R": "c(person('Robert', 'McCulloch', role='aut'), person('Rodney', 'Sparapani', role=c('aut', 'cre'),  email='rsparapa@mcw.edu'), person('Charles', 'Spanbauer', role='aut'), person('Robert', 'Gramacy', role='ctb'), person('Matthew', 'Pratola', role='ctb'), person('Martyn', 'Plummer', role='ctb'),  person('Nicky', 'Best', role='ctb'), person('Kate', 'Cowles', role='ctb'),  person('Karen', 'Vines', role='ctb'))",
      "Author": "Robert McCulloch [aut], Rodney Sparapani [aut, cre],  Charles Spanbauer [aut], Robert Gramacy [ctb], Matthew Pratola [ctb], Martyn Plummer [ctb], Nicky Best [ctb], Kate Cowles [ctb], Karen Vines [ctb]",
      "Maintainer": "Rodney Sparapani <rsparapa@mcw.edu>",
      "Description": "Bayesian Additive Regression Trees (BART) provide flexible nonparametric modeling of covariates for continuous, binary, categorical and time-to-event outcomes.  For more information see Sparapani, Spanbauer and McCulloch <doi:10.18637/jss.v097.i01>.",
      "License": "GPL (>= 2)",
      "Depends": [
        "R (>= 3.6)",
        "nlme",
        "nnet",
        "survival"
      ],
      "Imports": [
        "Rcpp (>= 0.12.3)",
        "parallel",
        "tools"
      ],
      "LinkingTo": [
        "Rcpp"
      ],
      "Suggests": [
        "knitr",
        "rmarkdown"
      ],
      "VignetteBuilder": "knitr",
      "NeedsCompilation": "yes",
      "RemoteType": "github",
      "RemoteHost": "api.github.com",
      "RemoteRepo": "bnptools",
      "RemoteUsername": "rsparapa",
      "RemoteRef": "1b3e608fc5a0345115e147cc18cd6e31d0b986b1",
      "RemoteSha": "1b3e608fc5a0345115e147cc18cd6e31d0b986b1",
      "RemoteSubdir": "BART3"
    },
    "Matrix": {
      "Package": "Matrix",
      "Version": "1.7-3",
      "Source": "Repository",
      "VersionNote": "do also bump src/version.h, inst/include/Matrix/version.h",
      "Date": "2025-03-05",
      "Priority": "recommended",
      "Title": "Sparse and Dense Matrix Classes and Methods",
      "Description": "A rich hierarchy of sparse and dense matrix classes, including general, symmetric, triangular, and diagonal matrices with numeric, logical, or pattern entries.  Efficient methods for operating on such matrices, often wrapping the 'BLAS', 'LAPACK', and 'SuiteSparse' libraries.",
      "License": "GPL (>= 2) | file LICENCE",
      "URL": "https://Matrix.R-forge.R-project.org",
      "BugReports": "https://R-forge.R-project.org/tracker/?atid=294&group_id=61",
      "Contact": "Matrix-authors@R-project.org",
      "Authors@R": "c(person(\"Douglas\", \"Bates\", role = \"aut\", comment = c(ORCID = \"0000-0001-8316-9503\")), person(\"Martin\", \"Maechler\", role = c(\"aut\", \"cre\"), email = \"mmaechler+Matrix@gmail.com\", comment = c(ORCID = \"0000-0002-8685-9910\")), person(\"Mikael\", \"Jagan\", role = \"aut\", comment = c(ORCID = \"0000-0002-3542-2938\")), person(\"Timothy A.\", \"Davis\", role = \"ctb\", comment = c(ORCID = \"0000-0001-7614-6899\", \"SuiteSparse libraries\", \"collaborators listed in dir(system.file(\\\"doc\\\", \\\"SuiteSparse\\\", package=\\\"Matrix\\\"), pattern=\\\"License\\\", full.names=TRUE, recursive=TRUE)\")), person(\"George\", \"Karypis\", role = \"ctb\", comment = c(ORCID = \"0000-0003-2753-1437\", \"METIS library\", \"Copyright: Regents of the University of Minnesota\")), person(\"Jason\", \"Riedy\", role = \"ctb\", comment = c(ORCID = \"0000-0002-4345-4200\", \"GNU Octave's condest() and onenormest()\", \"Copyright: Regents of the University of California\")), person(\"Jens\", \"Oehlschlägel\", role = \"ctb\", comment = \"initial nearPD()\"), person(\"R Core Team\", role = \"ctb\", comment = c(ROR = \"02zz1nj61\", \"base R's matrix implementation\")))",
      "Depends": [
        "R (>= 4.4)",
        "methods"
      ],
      "Imports": [
        "grDevices",
        "graphics",
        "grid",
        "lattice",
        "stats",
        "utils"
      ],
      "Suggests": [
        "MASS",
        "datasets",
        "sfsmisc",
        "tools"
      ],
      "Enhances": [
        "SparseM",
        "graph"
      ],
      "LazyData": "no",
      "LazyDataNote": "not possible, since we use data/*.R and our S4 classes",
      "BuildResaveData": "no",
      "Encoding": "UTF-8",
      "NeedsCompilation": "yes",
      "Author": "Douglas Bates [aut] (<https://orcid.org/0000-0001-8316-9503>), Martin Maechler [aut, cre] (<https://orcid.org/0000-0002-8685-9910>), Mikael Jagan [aut] (<https://orcid.org/0000-0002-3542-2938>), Timothy A. Davis [ctb] (<https://orcid.org/0000-0001-7614-6899>, SuiteSparse libraries, collaborators listed in dir(system.file(\"doc\", \"SuiteSparse\", package=\"Matrix\"), pattern=\"License\", full.names=TRUE, recursive=TRUE)), George Karypis [ctb] (<https://orcid.org/0000-0003-2753-1437>, METIS library, Copyright: Regents of the University of Minnesota), Jason Riedy [ctb] (<https://orcid.org/0000-0002-4345-4200>, GNU Octave's condest() and onenormest(), Copyright: Regents of the University of California), Jens Oehlschlägel [ctb] (initial nearPD()), R Core Team [ctb] (02zz1nj61, base R's matrix implementation)",
      "Maintainer": "Martin Maechler <mmaechler+Matrix@gmail.com>",
      "Repository": "CRAN"
    },
    "Rcpp": {
      "Package": "Rcpp",
      "Version": "1.1.0",
      "Source": "Repository",
      "Title": "Seamless R and C++ Integration",
      "Date": "2025-07-01",
      "Authors@R": "c(person(\"Dirk\", \"Eddelbuettel\", role = c(\"aut\", \"cre\"), email = \"edd@debian.org\", comment = c(ORCID = \"0000-0001-6419-907X\")), person(\"Romain\", \"Francois\", role = \"aut\", comment = c(ORCID = \"0000-0002-2444-4226\")), person(\"JJ\", \"Allaire\", role = \"aut\", comment = c(ORCID = \"0000-0003-0174-9868\")), person(\"Kevin\", \"Ushey\", role = \"aut\", comment = c(ORCID = \"0000-0003-2880-7407\")), person(\"Qiang\", \"Kou\", role = \"aut\", comment = c(ORCID = \"0000-0001-6786-5453\")), person(\"Nathan\", \"Russell\", role = \"aut\"), person(\"Iñaki\", \"Ucar\", role = \"aut\", comment = c(ORCID = \"0000-0001-6403-5550\")), person(\"Doug\", \"Bates\", role = \"aut\", comment = c(ORCID = \"0000-0001-8316-9503\")), person(\"John\", \"Chambers\", role = \"aut\"))",
      "Description": "The 'Rcpp' package provides R functions as well as C++ classes which offer a seamless integration of R and C++. Many R data types and objects can be mapped back and forth to C++ equivalents which facilitates both writing of new code as well as easier integration of third-party libraries. Documentation about 'Rcpp' is provided by several vignettes included in this package, via the 'Rcpp Gallery' site at <https://gallery.rcpp.org>, the paper by Eddelbuettel and Francois (2011, <doi:10.18637/jss.v040.i08>), the book by Eddelbuettel (2013, <doi:10.1007/978-1-4614-6868-4>) and the paper by Eddelbuettel and Balamuta (2018, <doi:10.1080/00031305.2017.1375990>); see 'citation(\"Rcpp\")' for details.",
      "Imports": [
        "methods",
        "utils"
      ],
      "Suggests": [
        "tinytest",
        "inline",
        "rbenchmark",
        "pkgKitten (>= 0.1.2)"
      ],
      "URL": "https://www.rcpp.org, https://dirk.eddelbuettel.com/code/rcpp.html, https://github.com/RcppCore/Rcpp",
      "License": "GPL (>= 2)",
      "BugReports": "https://github.com/RcppCore/Rcpp/issues",
      "MailingList": "rcpp-devel@lists.r-forge.r-project.org",
      "RoxygenNote": "6.1.1",
      "Encoding": "UTF-8",
      "NeedsCompilation": "yes",
      "Author": "Dirk Eddelbuettel [aut, cre] (ORCID: <https://orcid.org/0000-0001-6419-907X>), Romain Francois [aut] (ORCID: <https://orcid.org/0000-0002-2444-4226>), JJ Allaire [aut] (ORCID: <https://orcid.org/0000-0003-0174-9868>), Kevin Ushey [aut] (ORCID: <https://orcid.org/0000-0003-2880-7407>), Qiang Kou [aut] (ORCID: <https://orcid.org/0000-0001-6786-5453>), Nathan Russell [aut], Iñaki Ucar [aut] (ORCID: <https://orcid.org/0000-0001-6403-5550>), Doug Bates [aut] (ORCID: <https://orcid.org/0000-0001-8316-9503>), John Chambers [aut]",
      "Maintainer": "Dirk Eddelbuettel <edd@debian.org>",
      "Repository": "CRAN"
    },
    "lattice": {
      "Package": "lattice",
      "Version": "0.22-7",
      "Source": "Repository",
      "Date": "2025-03-31",
      "Priority": "recommended",
      "Title": "Trellis Graphics for R",
      "Authors@R": "c(person(\"Deepayan\", \"Sarkar\", role = c(\"aut\", \"cre\"), email = \"deepayan.sarkar@r-project.org\", comment = c(ORCID = \"0000-0003-4107-1553\")), person(\"Felix\", \"Andrews\", role = \"ctb\"), person(\"Kevin\", \"Wright\", role = \"ctb\", comment = \"documentation\"), person(\"Neil\", \"Klepeis\", role = \"ctb\"), person(\"Johan\", \"Larsson\", role = \"ctb\", comment = \"miscellaneous improvements\"), person(\"Zhijian (Jason)\", \"Wen\", role = \"cph\", comment = \"filled contour code\"), person(\"Paul\", \"Murrell\", role = \"ctb\", email = \"paul@stat.auckland.ac.nz\"), person(\"Stefan\", \"Eng\", role = \"ctb\", comment = \"violin plot improvements\"), person(\"Achim\", \"Zeileis\", role = \"ctb\", comment = \"modern colors\"), person(\"Alexandre\", \"Courtiol\", role = \"ctb\", comment = \"generics for larrows, lpolygon, lrect and lsegments\") )",
      "Description": "A powerful and elegant high-level data visualization system inspired by Trellis graphics, with an emphasis on multivariate data. Lattice is sufficient for typical graphics needs, and is also flexible enough to handle most nonstandard requirements. See ?Lattice for an introduction.",
      "Depends": [
        "R (>= 4.0.0)"
      ],
      "Suggests": [
        "KernSmooth",
        "MASS",
        "latticeExtra",
        "colorspace"
      ],
      "Imports": [
        "grid",
        "grDevices",
        "graphics",
        "stats",
        "utils"
      ],
      "Enhances": [
        "chron",
        "zoo"
      ],
      "LazyLoad": "yes",
      "LazyData": "yes",
      "License": "GPL (>= 2)",
      "URL": "https://lattice.r-forge.r-project.org/",
      "BugReports": "https://github.com/deepayan/lattice/issues",
      "NeedsCompilation": "yes",
      "Author": "Deepayan Sarkar [aut, cre] (<https://orcid.org/0000-0003-4107-1553>), Felix Andrews [ctb], Kevin Wright [ctb] (documentation), Neil Klepeis [ctb], Johan Larsson [ctb] (miscellaneous improvements), Zhijian (Jason) Wen [cph] (filled contour code), Paul Murrell [ctb], Stefan Eng [ctb] (violin plot improvements), Achim Zeileis [ctb] (modern colors), Alexandre Courtiol [ctb] (generics for larrows, lpolygon, lrect and lsegments)",
      "Maintainer": "Deepayan Sarkar <deepayan.sarkar@r-project.org>",
      "Repository": "CRAN"
    },
    "nlme": {
      "Package": "nlme",
      "Version": "3.1-168",
      "Source": "Repository",
      "Date": "2025-03-31",
      "Priority": "recommended",
      "Title": "Linear and Nonlinear Mixed Effects Models",
      "Authors@R": "c(person(\"José\", \"Pinheiro\", role = \"aut\", comment = \"S version\"), person(\"Douglas\", \"Bates\", role = \"aut\", comment = \"up to 2007\"), person(\"Saikat\", \"DebRoy\", role = \"ctb\", comment = \"up to 2002\"), person(\"Deepayan\", \"Sarkar\", role = \"ctb\", comment = \"up to 2005\"), person(\"EISPACK authors\", role = \"ctb\", comment = \"src/rs.f\"), person(\"Siem\", \"Heisterkamp\", role = \"ctb\", comment = \"Author fixed sigma\"), person(\"Bert\", \"Van Willigen\",role = \"ctb\", comment = \"Programmer fixed sigma\"), person(\"Johannes\", \"Ranke\", role = \"ctb\", comment = \"varConstProp()\"), person(\"R Core Team\", email = \"R-core@R-project.org\", role = c(\"aut\", \"cre\"), comment = c(ROR = \"02zz1nj61\")))",
      "Contact": "see 'MailingList'",
      "Description": "Fit and compare Gaussian linear and nonlinear mixed-effects models.",
      "Depends": [
        "R (>= 3.6.0)"
      ],
      "Imports": [
        "graphics",
        "stats",
        "utils",
        "lattice"
      ],
      "Suggests": [
        "MASS",
        "SASmixed"
      ],
      "LazyData": "yes",
      "Encoding": "UTF-8",
      "License": "GPL (>= 2)",
      "BugReports": "https://bugs.r-project.org",
      "MailingList": "R-help@r-project.org",
      "URL": "https://svn.r-project.org/R-packages/trunk/nlme/",
      "NeedsCompilation": "yes",
      "Author": "José Pinheiro [aut] (S version), Douglas Bates [aut] (up to 2007), Saikat DebRoy [ctb] (up to 2002), Deepayan Sarkar [ctb] (up to 2005), EISPACK authors [ctb] (src/rs.f), Siem Heisterkamp [ctb] (Author fixed sigma), Bert Van Willigen [ctb] (Programmer fixed sigma), Johannes Ranke [ctb] (varConstProp()), R Core Team [aut, cre] (02zz1nj61)",
      "Maintainer": "R Core Team <R-core@R-project.org>",
      "Repository": "CRAN"
    },
    "nnet": {
      "Package": "nnet",
      "Version": "7.3-20",
      "Source": "Repository",
      "Priority": "recommended",
      "Date": "2025-01-01",
      "Depends": [
        "R (>= 3.0.0)",
        "stats",
        "utils"
      ],
      "Suggests": [
        "MASS"
      ],
      "Authors@R": "c(person(\"Brian\", \"Ripley\", role = c(\"aut\", \"cre\", \"cph\"), email = \"Brian.Ripley@R-project.org\"), person(\"William\", \"Venables\", role = \"cph\"))",
      "Description": "Software for feed-forward neural networks with a single hidden layer, and for multinomial log-linear models.",
      "Title": "Feed-Forward Neural Networks and Multinomial Log-Linear Models",
      "ByteCompile": "yes",
      "License": "GPL-2 | GPL-3",
      "URL": "http://www.stats.ox.ac.uk/pub/MASS4/",
      "NeedsCompilation": "yes",
      "Author": "Brian Ripley [aut, cre, cph], William Venables [cph]",
      "Maintainer": "Brian Ripley <Brian.Ripley@R-project.org>",
      "Repository": "CRAN"
    },
    "renv": {
      "Package": "renv",
      "Version": "1.1.5",
      "Source": "Repository",
      "Type": "Package",
      "Title": "Project Environments",
      "Authors@R": "c( person(\"Kevin\", \"Ushey\", role = c(\"aut\", \"cre\"), email = \"kevin@rstudio.com\", comment = c(ORCID = \"0000-0003-2880-7407\")), person(\"Hadley\", \"Wickham\", role = c(\"aut\"), email = \"hadley@rstudio.com\", comment = c(ORCID = \"0000-0003-4757-117X\")), person(\"Posit Software, PBC\", role = c(\"cph\", \"fnd\")) )",
      "Description": "A dependency management toolkit for R. Using 'renv', you can create and manage project-local R libraries, save the state of these libraries to a 'lockfile', and later restore your library as required. Together, these tools can help make your projects more isolated, portable, and reproducible.",
      "License": "MIT + file LICENSE",
      "URL": "https://rstudio.github.io/renv/, https://github.com/rstudio/renv",
      "BugReports": "https://github.com/rstudio/renv/issues",
      "Imports": [
        "utils"
      ],
      "Suggests": [
        "BiocManager",
        "cli",
        "compiler",
        "covr",
        "cpp11",
        "devtools",
        "generics",
        "gitcreds",
        "jsonlite",
        "jsonvalidate",
        "knitr",
        "miniUI",
        "modules",
        "packrat",
        "pak",
        "R6",
        "remotes",
        "reticulate",
        "rmarkdown",
        "rstudioapi",
        "shiny",
        "testthat",
        "uuid",
        "waldo",
        "yaml",
        "webfakes"
      ],
      "Encoding": "UTF-8",
      "RoxygenNote": "7.3.2",
      "VignetteBuilder": "knitr",
      "Config/Needs/website": "tidyverse/tidytemplate",
      "Config/testthat/edition": "3",
      "Config/testthat/parallel": "true",
      "Config/testthat/start-first": "bioconductor,python,install,restore,snapshot,retrieve,remotes",
      "NeedsCompilation": "no",
      "Author": "Kevin Ushey [aut, cre] (ORCID: <https://orcid.org/0000-0003-2880-7407>), Hadley Wickham [aut] (ORCID: <https://orcid.org/0000-0003-4757-117X>), Posit Software, PBC [cph, fnd]",
      "Maintainer": "Kevin Ushey <kevin@rstudio.com>",
      "Repository": "CRAN"
    },
    "survival": {
      "Package": "survival",
      "Version": "3.8-3",
      "Source": "Repository",
      "Title": "Survival Analysis",
      "Priority": "recommended",
      "Date": "2024-12-17",
      "Depends": [
        "R (>= 3.5.0)"
      ],
      "Imports": [
        "graphics",
        "Matrix",
        "methods",
        "splines",
        "stats",
        "utils"
      ],
      "LazyData": "Yes",
      "LazyDataCompression": "xz",
      "ByteCompile": "Yes",
      "Authors@R": "c(person(c(\"Terry\", \"M\"), \"Therneau\", email=\"therneau.terry@mayo.edu\", role=c(\"aut\", \"cre\")), person(\"Thomas\", \"Lumley\", role=c(\"ctb\", \"trl\"), comment=\"original S->R port and R maintainer until 2009\"), person(\"Atkinson\", \"Elizabeth\", role=\"ctb\"), person(\"Crowson\", \"Cynthia\", role=\"ctb\"))",
      "Description": "Contains the core survival analysis routines, including definition of Surv objects,  Kaplan-Meier and Aalen-Johansen (multi-state) curves, Cox models, and parametric accelerated failure time models.",
      "License": "LGPL (>= 2)",
      "URL": "https://github.com/therneau/survival",
      "NeedsCompilation": "yes",
      "Author": "Terry M Therneau [aut, cre], Thomas Lumley [ctb, trl] (original S->R port and R maintainer until 2009), Atkinson Elizabeth [ctb], Crowson Cynthia [ctb]",
      "Maintainer": "Terry M Therneau <therneau.terry@mayo.edu>",
      "Repository": "CRAN"
    }
  }
}
